
Microsoft Visual Studio Solution File, Format Version 12.00
# Visual Studio Version 17
VisualStudioVersion = 17.9.34701.34
MinimumVisualStudioVersion = 10.0.40219.1
Project("{FAE04EC0-301F-11D3-BF4B-00C04F79EFBC}") = "REA_OOP_2", "REA_OOP_2.csproj", "{C6F8B04E-4CBE-4A46-B2D8-8A1EE26F08A1}"
EndProject
Global
	GlobalSection(SolutionConfigurationPlatforms) = preSolution
		Debug|Any CPU = Debug|Any CPU
		Release|Any CPU = Release|Any CPU
	EndGlobalSection
	GlobalSection(ProjectConfigurationPlatforms) = postSolution
		{C6F8B04E-4CBE-4A46-B2D8-8A1EE26F08A1}.Debug|Any CPU.ActiveCfg = Debug|Any CPU
		{C6F8B04E-4CBE-4A46-B2D8-8A1EE26F08A1}.Debug|Any CPU.Build.0 = Debug|Any CPU
		{C6F8B04E-4CBE-4A46-B2D8-8A1EE26F08A1}.Release|Any CPU.ActiveCfg = Release|Any CPU
		{C6F8B04E-4CBE-4A46-B2D8-8A1EE26F08A1}.Release|Any CPU.Build.0 = Release|Any CPU
	EndGlobalSection
	GlobalSection(SolutionProperties) = preSolution
		HideSolutionNode = FALSE
	EndGlobalSection
	GlobalSection(ExtensibilityGlobals) = postSolution
		SolutionGuid = {81AF8820-5745-4FD4-B021-D5F4345064DA}
	EndGlobalSection
EndGlobal
